
Microsoft Visual Studio Solution File, Format Version 12.00
# Visual Studio Version 16
VisualStudioVersion = 16.0.30413.136
MinimumVisualStudioVersion = 10.0.40219.1
Project("{FAE04EC0-301F-11D3-BF4B-00C04F79EFBC}") = "Kit_AdminLTE.Testing", "Kit_AdminLTE.Testing\Kit_AdminLTE.Testing.csproj", "{88A2F984-DA5B-4467-805F-48EC43F675A7}"
EndProject
Global
	GlobalSection(SolutionConfigurationPlatforms) = preSolution
		Debug|Any CPU = Debug|Any CPU
		Release|Any CPU = Release|Any CPU
	EndGlobalSection
	GlobalSection(ProjectConfigurationPlatforms) = postSolution
		{88A2F984-DA5B-4467-805F-48EC43F675A7}.Debug|Any CPU.ActiveCfg = Debug|Any CPU
		{88A2F984-DA5B-4467-805F-48EC43F675A7}.Debug|Any CPU.Build.0 = Debug|Any CPU
		{88A2F984-DA5B-4467-805F-48EC43F675A7}.Release|Any CPU.ActiveCfg = Release|Any CPU
		{88A2F984-DA5B-4467-805F-48EC43F675A7}.Release|Any CPU.Build.0 = Release|Any CPU
	EndGlobalSection
	GlobalSection(SolutionProperties) = preSolution
		HideSolutionNode = FALSE
	EndGlobalSection
	GlobalSection(ExtensibilityGlobals) = postSolution
		SolutionGuid = {4D3E5388-984A-4E1D-8289-43379388FF1D}
	EndGlobalSection
EndGlobal
