
Microsoft Visual Studio Solution File, Format Version 12.00
# Visual Studio Version 16
VisualStudioVersion = 16.0.29613.14
MinimumVisualStudioVersion = 10.0.40219.1
Project("{FAE04EC0-301F-11D3-BF4B-00C04F79EFBC}") = "TweetBook", "TweetBook.csproj", "{AD36A14F-12C2-48CA-BE10-916C37B4A4D8}"
EndProject
Global
	GlobalSection(SolutionConfigurationPlatforms) = preSolution
		Debug|Any CPU = Debug|Any CPU
		Release|Any CPU = Release|Any CPU
	EndGlobalSection
	GlobalSection(ProjectConfigurationPlatforms) = postSolution
		{AD36A14F-12C2-48CA-BE10-916C37B4A4D8}.Debug|Any CPU.ActiveCfg = Debug|Any CPU
		{AD36A14F-12C2-48CA-BE10-916C37B4A4D8}.Debug|Any CPU.Build.0 = Debug|Any CPU
		{AD36A14F-12C2-48CA-BE10-916C37B4A4D8}.Release|Any CPU.ActiveCfg = Release|Any CPU
		{AD36A14F-12C2-48CA-BE10-916C37B4A4D8}.Release|Any CPU.Build.0 = Release|Any CPU
	EndGlobalSection
	GlobalSection(SolutionProperties) = preSolution
		HideSolutionNode = FALSE
	EndGlobalSection
	GlobalSection(ExtensibilityGlobals) = postSolution
		SolutionGuid = {985BD88B-0535-4F15-8B37-22D276DF9168}
	EndGlobalSection
EndGlobal
