
Microsoft Visual Studio Solution File, Format Version 12.00
# Visual Studio Version 16
VisualStudioVersion = 16.0.30413.136
MinimumVisualStudioVersion = 10.0.40219.1
Project("{9A19103F-16F7-4668-BE54-9A1E7A4F7556}") = "SecureAPIUsingJWT", "SecureAPIUsingJWT\SecureAPIUsingJWT.csproj", "{3A8F3806-B302-471A-B919-4DBB77FC60FA}"
EndProject
Project("{FAE04EC0-301F-11D3-BF4B-00C04F79EFBC}") = "APIWithCQRSPatterns", "APIWithCQRSPatterns\APIWithCQRSPatterns.csproj", "{C351F1B1-D91E-4E58-92A6-3049ED84DA28}"
EndProject
Project("{FAE04EC0-301F-11D3-BF4B-00C04F79EFBC}") = "Versioning.WebApi", "Versioning.WebApi\Versioning.WebApi.csproj", "{1480F8C9-3DC5-4994-B073-8F5E3EF6F61C}"
EndProject
Global
	GlobalSection(SolutionConfigurationPlatforms) = preSolution
		Debug|Any CPU = Debug|Any CPU
		Release|Any CPU = Release|Any CPU
	EndGlobalSection
	GlobalSection(ProjectConfigurationPlatforms) = postSolution
		{3A8F3806-B302-471A-B919-4DBB77FC60FA}.Debug|Any CPU.ActiveCfg = Debug|Any CPU
		{3A8F3806-B302-471A-B919-4DBB77FC60FA}.Debug|Any CPU.Build.0 = Debug|Any CPU
		{3A8F3806-B302-471A-B919-4DBB77FC60FA}.Release|Any CPU.ActiveCfg = Release|Any CPU
		{3A8F3806-B302-471A-B919-4DBB77FC60FA}.Release|Any CPU.Build.0 = Release|Any CPU
		{C351F1B1-D91E-4E58-92A6-3049ED84DA28}.Debug|Any CPU.ActiveCfg = Debug|Any CPU
		{C351F1B1-D91E-4E58-92A6-3049ED84DA28}.Debug|Any CPU.Build.0 = Debug|Any CPU
		{C351F1B1-D91E-4E58-92A6-3049ED84DA28}.Release|Any CPU.ActiveCfg = Release|Any CPU
		{C351F1B1-D91E-4E58-92A6-3049ED84DA28}.Release|Any CPU.Build.0 = Release|Any CPU
		{1480F8C9-3DC5-4994-B073-8F5E3EF6F61C}.Debug|Any CPU.ActiveCfg = Debug|Any CPU
		{1480F8C9-3DC5-4994-B073-8F5E3EF6F61C}.Debug|Any CPU.Build.0 = Debug|Any CPU
		{1480F8C9-3DC5-4994-B073-8F5E3EF6F61C}.Release|Any CPU.ActiveCfg = Release|Any CPU
		{1480F8C9-3DC5-4994-B073-8F5E3EF6F61C}.Release|Any CPU.Build.0 = Release|Any CPU
	EndGlobalSection
	GlobalSection(SolutionProperties) = preSolution
		HideSolutionNode = FALSE
	EndGlobalSection
	GlobalSection(ExtensibilityGlobals) = postSolution
		SolutionGuid = {F5D3704F-C01B-4A20-BEA0-AD6BF0DBC63D}
	EndGlobalSection
EndGlobal
