
Microsoft Visual Studio Solution File, Format Version 12.00
# Visual Studio Version 16
VisualStudioVersion = 16.0.30413.136
MinimumVisualStudioVersion = 10.0.40219.1
Project("{9A19103F-16F7-4668-BE54-9A1E7A4F7556}") = "SecureAPIUsingJWT", "SecureAPIUsingJWT\SecureAPIUsingJWT.csproj", "{3A8F3806-B302-471A-B919-4DBB77FC60FA}"
EndProject
Project("{9A19103F-16F7-4668-BE54-9A1E7A4F7556}") = "APIWithCQRSWithMediatRPatterns", "APIWithCQRSPatterns\APIWithCQRSWithMediatRPatterns.csproj", "{C351F1B1-D91E-4E58-92A6-3049ED84DA28}"
EndProject
Project("{9A19103F-16F7-4668-BE54-9A1E7A4F7556}") = "Versioning.WebApi", "Versioning.WebApi\Versioning.WebApi.csproj", "{1480F8C9-3DC5-4994-B073-8F5E3EF6F61C}"
EndProject
Project("{9A19103F-16F7-4668-BE54-9A1E7A4F7556}") = "WebApplicationWithSerilog", "WebApplicationWithSerilog\WebApplicationWithSerilog.csproj", "{F783CC63-B438-43E4-9754-71162FEF8DD5}"
EndProject
Project("{9A19103F-16F7-4668-BE54-9A1E7A4F7556}") = "EmailSendingWithHangfireBackgroundService", "EmailSendingWithHangfireBackgroundService\EmailSendingWithHangfireBackgroundService.csproj", "{346D3D1C-1FFD-4EA0-9F01-9B79BD5BE8DE}"
EndProject
Project("{9A19103F-16F7-4668-BE54-9A1E7A4F7556}") = "APIWithPagination", "APIWithPagination\APIWithPagination.csproj", "{281EDD3E-59C8-4165-9767-7168F9A699CA}"
EndProject
Project("{9A19103F-16F7-4668-BE54-9A1E7A4F7556}") = "FileUpload.Web", "FileUpload.Web\FileUpload.Web.csproj", "{5959A715-DF86-46F5-BF53-BCD3304016D8}"
EndProject
Project("{9A19103F-16F7-4668-BE54-9A1E7A4F7556}") = "SendMailSystem.Web", "SendMailSystem.Web\SendMailSystem.Web.csproj", "{CCF7F229-E04B-4FE8-B07E-7CAAD731666D}"
EndProject
Project("{9A19103F-16F7-4668-BE54-9A1E7A4F7556}") = "AdminLTEIntegration", "AdminLTEIntegration\AdminLTEIntegration.csproj", "{F14FFE31-AE4A-455E-87B4-4E33BAE571DF}"
EndProject
Project("{9A19103F-16F7-4668-BE54-9A1E7A4F7556}") = "AdminLTEStarterKit.Testing", "AdminLTEStarterKit.Testing\AdminLTEStarterKit.Testing.csproj", "{1458D228-049B-4596-A1FC-8CE15F8817CB}"
EndProject
Project("{9A19103F-16F7-4668-BE54-9A1E7A4F7556}") = "CustomUserIdentityManagement", "CustomUserIdentityManagement\CustomUserIdentityManagement.csproj", "{05288116-841D-4607-8E5B-0D75AD193F24}"
EndProject
Project("{9A19103F-16F7-4668-BE54-9A1E7A4F7556}") = "GlobalizationAndLocalizationProject", "GlobalizationAndLocalizationProject\GlobalizationAndLocalizationProject.csproj", "{B2BF9E10-6C57-4601-84A3-67A04E9F572D}"
EndProject
Project("{9A19103F-16F7-4668-BE54-9A1E7A4F7556}") = "FluentValidation.WebApi", "FluentValidation.WebApi\FluentValidation.WebApi.csproj", "{7AA6B35E-0FC6-47CF-8187-CAF8328AFC0F}"
EndProject
Project("{9A19103F-16F7-4668-BE54-9A1E7A4F7556}") = "jQueryDatatable_ServerSide", "jQueryDatatable_ServerSide\jQueryDatatable_ServerSide.csproj", "{C1103A94-97F8-4AF9-AC2F-17E0E6427CB4}"
EndProject
Project("{9A19103F-16F7-4668-BE54-9A1E7A4F7556}") = "Select2.WebApplication", "Select2.WebApplication\Select2.WebApplication.csproj", "{D7F9BC9A-2B8D-4FDE-8014-BBFC4B91C336}"
EndProject
Project("{9A19103F-16F7-4668-BE54-9A1E7A4F7556}") = "In-Memory-Caching", "In-Memory-Caching\In-Memory-Caching.csproj", "{64D492CC-951B-44F8-97C5-E76E750FC48F}"
EndProject
Project("{FAE04EC0-301F-11D3-BF4B-00C04F79EFBC}") = "Captcha.Web", "Captcha.Web\Captcha.Web.csproj", "{291D9BDC-E2BF-4F29-AF82-DC473E01F0F1}"
EndProject
Global
	GlobalSection(SolutionConfigurationPlatforms) = preSolution
		Debug|Any CPU = Debug|Any CPU
		Release|Any CPU = Release|Any CPU
	EndGlobalSection
	GlobalSection(ProjectConfigurationPlatforms) = postSolution
		{3A8F3806-B302-471A-B919-4DBB77FC60FA}.Debug|Any CPU.ActiveCfg = Debug|Any CPU
		{3A8F3806-B302-471A-B919-4DBB77FC60FA}.Debug|Any CPU.Build.0 = Debug|Any CPU
		{3A8F3806-B302-471A-B919-4DBB77FC60FA}.Release|Any CPU.ActiveCfg = Release|Any CPU
		{3A8F3806-B302-471A-B919-4DBB77FC60FA}.Release|Any CPU.Build.0 = Release|Any CPU
		{C351F1B1-D91E-4E58-92A6-3049ED84DA28}.Debug|Any CPU.ActiveCfg = Debug|Any CPU
		{C351F1B1-D91E-4E58-92A6-3049ED84DA28}.Debug|Any CPU.Build.0 = Debug|Any CPU
		{C351F1B1-D91E-4E58-92A6-3049ED84DA28}.Release|Any CPU.ActiveCfg = Release|Any CPU
		{C351F1B1-D91E-4E58-92A6-3049ED84DA28}.Release|Any CPU.Build.0 = Release|Any CPU
		{1480F8C9-3DC5-4994-B073-8F5E3EF6F61C}.Debug|Any CPU.ActiveCfg = Debug|Any CPU
		{1480F8C9-3DC5-4994-B073-8F5E3EF6F61C}.Debug|Any CPU.Build.0 = Debug|Any CPU
		{1480F8C9-3DC5-4994-B073-8F5E3EF6F61C}.Release|Any CPU.ActiveCfg = Release|Any CPU
		{1480F8C9-3DC5-4994-B073-8F5E3EF6F61C}.Release|Any CPU.Build.0 = Release|Any CPU
		{F783CC63-B438-43E4-9754-71162FEF8DD5}.Debug|Any CPU.ActiveCfg = Debug|Any CPU
		{F783CC63-B438-43E4-9754-71162FEF8DD5}.Debug|Any CPU.Build.0 = Debug|Any CPU
		{F783CC63-B438-43E4-9754-71162FEF8DD5}.Release|Any CPU.ActiveCfg = Release|Any CPU
		{F783CC63-B438-43E4-9754-71162FEF8DD5}.Release|Any CPU.Build.0 = Release|Any CPU
		{346D3D1C-1FFD-4EA0-9F01-9B79BD5BE8DE}.Debug|Any CPU.ActiveCfg = Debug|Any CPU
		{346D3D1C-1FFD-4EA0-9F01-9B79BD5BE8DE}.Debug|Any CPU.Build.0 = Debug|Any CPU
		{346D3D1C-1FFD-4EA0-9F01-9B79BD5BE8DE}.Release|Any CPU.ActiveCfg = Release|Any CPU
		{346D3D1C-1FFD-4EA0-9F01-9B79BD5BE8DE}.Release|Any CPU.Build.0 = Release|Any CPU
		{281EDD3E-59C8-4165-9767-7168F9A699CA}.Debug|Any CPU.ActiveCfg = Debug|Any CPU
		{281EDD3E-59C8-4165-9767-7168F9A699CA}.Debug|Any CPU.Build.0 = Debug|Any CPU
		{281EDD3E-59C8-4165-9767-7168F9A699CA}.Release|Any CPU.ActiveCfg = Release|Any CPU
		{281EDD3E-59C8-4165-9767-7168F9A699CA}.Release|Any CPU.Build.0 = Release|Any CPU
		{5959A715-DF86-46F5-BF53-BCD3304016D8}.Debug|Any CPU.ActiveCfg = Debug|Any CPU
		{5959A715-DF86-46F5-BF53-BCD3304016D8}.Debug|Any CPU.Build.0 = Debug|Any CPU
		{5959A715-DF86-46F5-BF53-BCD3304016D8}.Release|Any CPU.ActiveCfg = Release|Any CPU
		{5959A715-DF86-46F5-BF53-BCD3304016D8}.Release|Any CPU.Build.0 = Release|Any CPU
		{CCF7F229-E04B-4FE8-B07E-7CAAD731666D}.Debug|Any CPU.ActiveCfg = Debug|Any CPU
		{CCF7F229-E04B-4FE8-B07E-7CAAD731666D}.Debug|Any CPU.Build.0 = Debug|Any CPU
		{CCF7F229-E04B-4FE8-B07E-7CAAD731666D}.Release|Any CPU.ActiveCfg = Release|Any CPU
		{CCF7F229-E04B-4FE8-B07E-7CAAD731666D}.Release|Any CPU.Build.0 = Release|Any CPU
		{F14FFE31-AE4A-455E-87B4-4E33BAE571DF}.Debug|Any CPU.ActiveCfg = Debug|Any CPU
		{F14FFE31-AE4A-455E-87B4-4E33BAE571DF}.Debug|Any CPU.Build.0 = Debug|Any CPU
		{F14FFE31-AE4A-455E-87B4-4E33BAE571DF}.Release|Any CPU.ActiveCfg = Release|Any CPU
		{F14FFE31-AE4A-455E-87B4-4E33BAE571DF}.Release|Any CPU.Build.0 = Release|Any CPU
		{1458D228-049B-4596-A1FC-8CE15F8817CB}.Debug|Any CPU.ActiveCfg = Debug|Any CPU
		{1458D228-049B-4596-A1FC-8CE15F8817CB}.Debug|Any CPU.Build.0 = Debug|Any CPU
		{1458D228-049B-4596-A1FC-8CE15F8817CB}.Release|Any CPU.ActiveCfg = Release|Any CPU
		{1458D228-049B-4596-A1FC-8CE15F8817CB}.Release|Any CPU.Build.0 = Release|Any CPU
		{05288116-841D-4607-8E5B-0D75AD193F24}.Debug|Any CPU.ActiveCfg = Debug|Any CPU
		{05288116-841D-4607-8E5B-0D75AD193F24}.Debug|Any CPU.Build.0 = Debug|Any CPU
		{05288116-841D-4607-8E5B-0D75AD193F24}.Release|Any CPU.ActiveCfg = Release|Any CPU
		{05288116-841D-4607-8E5B-0D75AD193F24}.Release|Any CPU.Build.0 = Release|Any CPU
		{B2BF9E10-6C57-4601-84A3-67A04E9F572D}.Debug|Any CPU.ActiveCfg = Debug|Any CPU
		{B2BF9E10-6C57-4601-84A3-67A04E9F572D}.Debug|Any CPU.Build.0 = Debug|Any CPU
		{B2BF9E10-6C57-4601-84A3-67A04E9F572D}.Release|Any CPU.ActiveCfg = Release|Any CPU
		{B2BF9E10-6C57-4601-84A3-67A04E9F572D}.Release|Any CPU.Build.0 = Release|Any CPU
		{7AA6B35E-0FC6-47CF-8187-CAF8328AFC0F}.Debug|Any CPU.ActiveCfg = Debug|Any CPU
		{7AA6B35E-0FC6-47CF-8187-CAF8328AFC0F}.Debug|Any CPU.Build.0 = Debug|Any CPU
		{7AA6B35E-0FC6-47CF-8187-CAF8328AFC0F}.Release|Any CPU.ActiveCfg = Release|Any CPU
		{7AA6B35E-0FC6-47CF-8187-CAF8328AFC0F}.Release|Any CPU.Build.0 = Release|Any CPU
		{C1103A94-97F8-4AF9-AC2F-17E0E6427CB4}.Debug|Any CPU.ActiveCfg = Debug|Any CPU
		{C1103A94-97F8-4AF9-AC2F-17E0E6427CB4}.Debug|Any CPU.Build.0 = Debug|Any CPU
		{C1103A94-97F8-4AF9-AC2F-17E0E6427CB4}.Release|Any CPU.ActiveCfg = Release|Any CPU
		{C1103A94-97F8-4AF9-AC2F-17E0E6427CB4}.Release|Any CPU.Build.0 = Release|Any CPU
		{D7F9BC9A-2B8D-4FDE-8014-BBFC4B91C336}.Debug|Any CPU.ActiveCfg = Debug|Any CPU
		{D7F9BC9A-2B8D-4FDE-8014-BBFC4B91C336}.Debug|Any CPU.Build.0 = Debug|Any CPU
		{D7F9BC9A-2B8D-4FDE-8014-BBFC4B91C336}.Release|Any CPU.ActiveCfg = Release|Any CPU
		{D7F9BC9A-2B8D-4FDE-8014-BBFC4B91C336}.Release|Any CPU.Build.0 = Release|Any CPU
		{64D492CC-951B-44F8-97C5-E76E750FC48F}.Debug|Any CPU.ActiveCfg = Debug|Any CPU
		{64D492CC-951B-44F8-97C5-E76E750FC48F}.Debug|Any CPU.Build.0 = Debug|Any CPU
		{64D492CC-951B-44F8-97C5-E76E750FC48F}.Release|Any CPU.ActiveCfg = Release|Any CPU
		{64D492CC-951B-44F8-97C5-E76E750FC48F}.Release|Any CPU.Build.0 = Release|Any CPU
		{291D9BDC-E2BF-4F29-AF82-DC473E01F0F1}.Debug|Any CPU.ActiveCfg = Debug|Any CPU
		{291D9BDC-E2BF-4F29-AF82-DC473E01F0F1}.Debug|Any CPU.Build.0 = Debug|Any CPU
		{291D9BDC-E2BF-4F29-AF82-DC473E01F0F1}.Release|Any CPU.ActiveCfg = Release|Any CPU
		{291D9BDC-E2BF-4F29-AF82-DC473E01F0F1}.Release|Any CPU.Build.0 = Release|Any CPU
	EndGlobalSection
	GlobalSection(SolutionProperties) = preSolution
		HideSolutionNode = FALSE
	EndGlobalSection
	GlobalSection(ExtensibilityGlobals) = postSolution
		SolutionGuid = {F5D3704F-C01B-4A20-BEA0-AD6BF0DBC63D}
	EndGlobalSection
EndGlobal
